
Microsoft Visual Studio Solution File, Format Version 12.00
# Visual Studio Version 17
VisualStudioVersion = 17.0.31825.309
MinimumVisualStudioVersion = 10.0.40219.1
Project("{FAE04EC0-301F-11D3-BF4B-00C04F79EFBC}") = "FocusWatch", "FocusWatch\FocusWatch.csproj", "{4B832167-43CC-4ECC-A6AF-60EDDC5AD12A}"
EndProject
Project("{2150E333-8FDC-42A3-9474-1A3956D46DE8}") = "Run", "Run", "{5F0E66D9-BEF7-4675-AA31-0EB546310228}"
EndProject
Project("{2150E333-8FDC-42A3-9474-1A3956D46DE8}") = "Content", "Content", "{B465EE93-8F4D-476A-B38F-D038BE2D5869}"
EndProject
Project("{FAE04EC0-301F-11D3-BF4B-00C04F79EFBC}") = "FocusWatch.Content", "FocusWatch.Content\FocusWatch.Content.csproj", "{7EA91A97-C235-410B-A53D-F4CAA3C89CB8}"
EndProject
Global
	GlobalSection(SolutionConfigurationPlatforms) = preSolution
		Debug|Any CPU = Debug|Any CPU
		Release|Any CPU = Release|Any CPU
	EndGlobalSection
	GlobalSection(ProjectConfigurationPlatforms) = postSolution
		{4B832167-43CC-4ECC-A6AF-60EDDC5AD12A}.Debug|Any CPU.ActiveCfg = Debug|Any CPU
		{4B832167-43CC-4ECC-A6AF-60EDDC5AD12A}.Debug|Any CPU.Build.0 = Debug|Any CPU
		{4B832167-43CC-4ECC-A6AF-60EDDC5AD12A}.Release|Any CPU.ActiveCfg = Release|Any CPU
		{4B832167-43CC-4ECC-A6AF-60EDDC5AD12A}.Release|Any CPU.Build.0 = Release|Any CPU
		{7EA91A97-C235-410B-A53D-F4CAA3C89CB8}.Debug|Any CPU.ActiveCfg = Debug|Any CPU
		{7EA91A97-C235-410B-A53D-F4CAA3C89CB8}.Debug|Any CPU.Build.0 = Debug|Any CPU
		{7EA91A97-C235-410B-A53D-F4CAA3C89CB8}.Release|Any CPU.ActiveCfg = Release|Any CPU
		{7EA91A97-C235-410B-A53D-F4CAA3C89CB8}.Release|Any CPU.Build.0 = Release|Any CPU
	EndGlobalSection
	GlobalSection(SolutionProperties) = preSolution
		HideSolutionNode = FALSE
	EndGlobalSection
	GlobalSection(NestedProjects) = preSolution
		{4B832167-43CC-4ECC-A6AF-60EDDC5AD12A} = {5F0E66D9-BEF7-4675-AA31-0EB546310228}
		{7EA91A97-C235-410B-A53D-F4CAA3C89CB8} = {B465EE93-8F4D-476A-B38F-D038BE2D5869}
	EndGlobalSection
	GlobalSection(ExtensibilityGlobals) = postSolution
		SolutionGuid = {582E5B9E-72B2-4B8A-941B-0E39B848277D}
	EndGlobalSection
EndGlobal
